
Microsoft Visual Studio Solution File, Format Version 12.00
# Visual Studio 15
Project("{FAE04EC0-301F-11D3-BF4B-00C04F79EFBC}") = "Daenerys", "Assembly-CSharp.csproj", "{0784484B-BE91-8439-BC75-7DB519F948A0}"
EndProject
Project("{FAE04EC0-301F-11D3-BF4B-00C04F79EFBC}") = "Daenerys", "Assembly-CSharp-firstpass.csproj", "{01B43401-97DC-F1A7-025F-7EC3B0CF62DB}"
EndProject
Global
	GlobalSection(SolutionConfigurationPlatforms) = preSolution
		Debug|Any CPU = Debug|Any CPU
		Release|Any CPU = Release|Any CPU
	EndGlobalSection
	GlobalSection(ProjectConfigurationPlatforms) = postSolution
		{0784484B-BE91-8439-BC75-7DB519F948A0}.Debug|Any CPU.ActiveCfg = Debug|Any CPU
		{0784484B-BE91-8439-BC75-7DB519F948A0}.Debug|Any CPU.Build.0 = Debug|Any CPU
		{0784484B-BE91-8439-BC75-7DB519F948A0}.Release|Any CPU.ActiveCfg = Release|Any CPU
		{0784484B-BE91-8439-BC75-7DB519F948A0}.Release|Any CPU.Build.0 = Release|Any CPU
		{01B43401-97DC-F1A7-025F-7EC3B0CF62DB}.Debug|Any CPU.ActiveCfg = Debug|Any CPU
		{01B43401-97DC-F1A7-025F-7EC3B0CF62DB}.Debug|Any CPU.Build.0 = Debug|Any CPU
		{01B43401-97DC-F1A7-025F-7EC3B0CF62DB}.Release|Any CPU.ActiveCfg = Release|Any CPU
		{01B43401-97DC-F1A7-025F-7EC3B0CF62DB}.Release|Any CPU.Build.0 = Release|Any CPU
	EndGlobalSection
	GlobalSection(SolutionProperties) = preSolution
		HideSolutionNode = FALSE
	EndGlobalSection
EndGlobal
